
Microsoft Visual Studio Solution File, Format Version 12.00
# Visual Studio 15
VisualStudioVersion = 15.0.28307.757
MinimumVisualStudioVersion = 10.0.40219.1
Project("{FAE04EC0-301F-11D3-BF4B-00C04F79EFBC}") = "DameComidaMobile.Android", "src\DameComidaMobile.Android\DameComidaMobile.Android.csproj", "{A110DDEF-E0B4-4775-A7E5-B14512C9FADD}"
EndProject
Project("{FAE04EC0-301F-11D3-BF4B-00C04F79EFBC}") = "DameComidaMobile.iOS", "src\DameComidaMobile.iOS\DameComidaMobile.iOS.csproj", "{CC6E3EC9-945F-4631-98C3-2950E9FBA4AE}"
EndProject
Project("{9A19103F-16F7-4668-BE54-9A1E7A4F7556}") = "DameComidaMobile", "src\DameComidaMobile\DameComidaMobile.csproj", "{A6D64DCC-FCEE-458A-B79C-23F15F46CF70}"
EndProject
Project("{2150E333-8FDC-42A3-9474-1A3956D46DE8}") = "Solution Items", "Solution Items", "{44577D79-C4B9-42F3-A322-2E5CD6DFDF57}"
	ProjectSection(SolutionItems) = preProject
		README.md = README.md
	EndProjectSection
EndProject
Project("{FAE04EC0-301F-11D3-BF4B-00C04F79EFBC}") = "DameComidaMobile.Tests", "src\DameComidaMobile.Tests\DameComidaMobile.Tests.csproj", "{EA560D9D-BF55-4948-9701-28710A682DBC}"
EndProject
Global
	GlobalSection(SolutionConfigurationPlatforms) = preSolution
		Ad-Hoc|Any CPU = Ad-Hoc|Any CPU
		Ad-Hoc|iPhone = Ad-Hoc|iPhone
		Ad-Hoc|iPhoneSimulator = Ad-Hoc|iPhoneSimulator
		AppStore|Any CPU = AppStore|Any CPU
		AppStore|iPhone = AppStore|iPhone
		AppStore|iPhoneSimulator = AppStore|iPhoneSimulator
		Debug|Any CPU = Debug|Any CPU
		Debug|iPhone = Debug|iPhone
		Debug|iPhoneSimulator = Debug|iPhoneSimulator
		Release|Any CPU = Release|Any CPU
		Release|iPhone = Release|iPhone
		Release|iPhoneSimulator = Release|iPhoneSimulator
	EndGlobalSection
	GlobalSection(ProjectConfigurationPlatforms) = postSolution
		{A110DDEF-E0B4-4775-A7E5-B14512C9FADD}.Ad-Hoc|Any CPU.ActiveCfg = Release|Any CPU
		{A110DDEF-E0B4-4775-A7E5-B14512C9FADD}.Ad-Hoc|Any CPU.Build.0 = Release|Any CPU
		{A110DDEF-E0B4-4775-A7E5-B14512C9FADD}.Ad-Hoc|Any CPU.Deploy.0 = Release|Any CPU
		{A110DDEF-E0B4-4775-A7E5-B14512C9FADD}.Ad-Hoc|iPhone.ActiveCfg = Release|Any CPU
		{A110DDEF-E0B4-4775-A7E5-B14512C9FADD}.Ad-Hoc|iPhone.Build.0 = Release|Any CPU
		{A110DDEF-E0B4-4775-A7E5-B14512C9FADD}.Ad-Hoc|iPhone.Deploy.0 = Release|Any CPU
		{A110DDEF-E0B4-4775-A7E5-B14512C9FADD}.Ad-Hoc|iPhoneSimulator.ActiveCfg = Release|Any CPU
		{A110DDEF-E0B4-4775-A7E5-B14512C9FADD}.Ad-Hoc|iPhoneSimulator.Build.0 = Release|Any CPU
		{A110DDEF-E0B4-4775-A7E5-B14512C9FADD}.Ad-Hoc|iPhoneSimulator.Deploy.0 = Release|Any CPU
		{A110DDEF-E0B4-4775-A7E5-B14512C9FADD}.AppStore|Any CPU.ActiveCfg = Release|Any CPU
		{A110DDEF-E0B4-4775-A7E5-B14512C9FADD}.AppStore|Any CPU.Build.0 = Release|Any CPU
		{A110DDEF-E0B4-4775-A7E5-B14512C9FADD}.AppStore|Any CPU.Deploy.0 = Release|Any CPU
		{A110DDEF-E0B4-4775-A7E5-B14512C9FADD}.AppStore|iPhone.ActiveCfg = Release|Any CPU
		{A110DDEF-E0B4-4775-A7E5-B14512C9FADD}.AppStore|iPhone.Build.0 = Release|Any CPU
		{A110DDEF-E0B4-4775-A7E5-B14512C9FADD}.AppStore|iPhone.Deploy.0 = Release|Any CPU
		{A110DDEF-E0B4-4775-A7E5-B14512C9FADD}.AppStore|iPhoneSimulator.ActiveCfg = Release|Any CPU
		{A110DDEF-E0B4-4775-A7E5-B14512C9FADD}.AppStore|iPhoneSimulator.Build.0 = Release|Any CPU
		{A110DDEF-E0B4-4775-A7E5-B14512C9FADD}.AppStore|iPhoneSimulator.Deploy.0 = Release|Any CPU
		{A110DDEF-E0B4-4775-A7E5-B14512C9FADD}.Debug|Any CPU.ActiveCfg = Debug|Any CPU
		{A110DDEF-E0B4-4775-A7E5-B14512C9FADD}.Debug|Any CPU.Build.0 = Debug|Any CPU
		{A110DDEF-E0B4-4775-A7E5-B14512C9FADD}.Debug|Any CPU.Deploy.0 = Debug|Any CPU
		{A110DDEF-E0B4-4775-A7E5-B14512C9FADD}.Debug|iPhone.ActiveCfg = Debug|Any CPU
		{A110DDEF-E0B4-4775-A7E5-B14512C9FADD}.Debug|iPhone.Build.0 = Debug|Any CPU
		{A110DDEF-E0B4-4775-A7E5-B14512C9FADD}.Debug|iPhone.Deploy.0 = Debug|Any CPU
		{A110DDEF-E0B4-4775-A7E5-B14512C9FADD}.Debug|iPhoneSimulator.ActiveCfg = Debug|Any CPU
		{A110DDEF-E0B4-4775-A7E5-B14512C9FADD}.Debug|iPhoneSimulator.Build.0 = Debug|Any CPU
		{A110DDEF-E0B4-4775-A7E5-B14512C9FADD}.Debug|iPhoneSimulator.Deploy.0 = Debug|Any CPU
		{A110DDEF-E0B4-4775-A7E5-B14512C9FADD}.Release|Any CPU.ActiveCfg = Release|Any CPU
		{A110DDEF-E0B4-4775-A7E5-B14512C9FADD}.Release|Any CPU.Build.0 = Release|Any CPU
		{A110DDEF-E0B4-4775-A7E5-B14512C9FADD}.Release|Any CPU.Deploy.0 = Release|Any CPU
		{A110DDEF-E0B4-4775-A7E5-B14512C9FADD}.Release|iPhone.ActiveCfg = Release|Any CPU
		{A110DDEF-E0B4-4775-A7E5-B14512C9FADD}.Release|iPhone.Build.0 = Release|Any CPU
		{A110DDEF-E0B4-4775-A7E5-B14512C9FADD}.Release|iPhone.Deploy.0 = Release|Any CPU
		{A110DDEF-E0B4-4775-A7E5-B14512C9FADD}.Release|iPhoneSimulator.ActiveCfg = Release|Any CPU
		{A110DDEF-E0B4-4775-A7E5-B14512C9FADD}.Release|iPhoneSimulator.Build.0 = Release|Any CPU
		{A110DDEF-E0B4-4775-A7E5-B14512C9FADD}.Release|iPhoneSimulator.Deploy.0 = Release|Any CPU
		{CC6E3EC9-945F-4631-98C3-2950E9FBA4AE}.Ad-Hoc|Any CPU.ActiveCfg = Ad-Hoc|iPhone
		{CC6E3EC9-945F-4631-98C3-2950E9FBA4AE}.Ad-Hoc|Any CPU.Build.0 = Ad-Hoc|iPhone
		{CC6E3EC9-945F-4631-98C3-2950E9FBA4AE}.Ad-Hoc|Any CPU.Deploy.0 = Ad-Hoc|iPhone
		{CC6E3EC9-945F-4631-98C3-2950E9FBA4AE}.Ad-Hoc|iPhone.ActiveCfg = Ad-Hoc|iPhone
		{CC6E3EC9-945F-4631-98C3-2950E9FBA4AE}.Ad-Hoc|iPhone.Build.0 = Ad-Hoc|iPhone
		{CC6E3EC9-945F-4631-98C3-2950E9FBA4AE}.Ad-Hoc|iPhone.Deploy.0 = Ad-Hoc|iPhone
		{CC6E3EC9-945F-4631-98C3-2950E9FBA4AE}.Ad-Hoc|iPhoneSimulator.ActiveCfg = Ad-Hoc|iPhoneSimulator
		{CC6E3EC9-945F-4631-98C3-2950E9FBA4AE}.Ad-Hoc|iPhoneSimulator.Build.0 = Ad-Hoc|iPhoneSimulator
		{CC6E3EC9-945F-4631-98C3-2950E9FBA4AE}.Ad-Hoc|iPhoneSimulator.Deploy.0 = Ad-Hoc|iPhoneSimulator
		{CC6E3EC9-945F-4631-98C3-2950E9FBA4AE}.AppStore|Any CPU.ActiveCfg = AppStore|iPhone
		{CC6E3EC9-945F-4631-98C3-2950E9FBA4AE}.AppStore|Any CPU.Build.0 = AppStore|iPhone
		{CC6E3EC9-945F-4631-98C3-2950E9FBA4AE}.AppStore|Any CPU.Deploy.0 = AppStore|iPhone
		{CC6E3EC9-945F-4631-98C3-2950E9FBA4AE}.AppStore|iPhone.ActiveCfg = AppStore|iPhone
		{CC6E3EC9-945F-4631-98C3-2950E9FBA4AE}.AppStore|iPhone.Build.0 = AppStore|iPhone
		{CC6E3EC9-945F-4631-98C3-2950E9FBA4AE}.AppStore|iPhone.Deploy.0 = AppStore|iPhone
		{CC6E3EC9-945F-4631-98C3-2950E9FBA4AE}.AppStore|iPhoneSimulator.ActiveCfg = AppStore|iPhoneSimulator
		{CC6E3EC9-945F-4631-98C3-2950E9FBA4AE}.AppStore|iPhoneSimulator.Build.0 = AppStore|iPhoneSimulator
		{CC6E3EC9-945F-4631-98C3-2950E9FBA4AE}.AppStore|iPhoneSimulator.Deploy.0 = AppStore|iPhoneSimulator
		{CC6E3EC9-945F-4631-98C3-2950E9FBA4AE}.Debug|Any CPU.ActiveCfg = Debug|iPhoneSimulator
		{CC6E3EC9-945F-4631-98C3-2950E9FBA4AE}.Debug|Any CPU.Build.0 = Debug|iPhoneSimulator
		{CC6E3EC9-945F-4631-98C3-2950E9FBA4AE}.Debug|Any CPU.Deploy.0 = Debug|iPhoneSimulator
		{CC6E3EC9-945F-4631-98C3-2950E9FBA4AE}.Debug|iPhone.ActiveCfg = Debug|iPhone
		{CC6E3EC9-945F-4631-98C3-2950E9FBA4AE}.Debug|iPhone.Build.0 = Debug|iPhone
		{CC6E3EC9-945F-4631-98C3-2950E9FBA4AE}.Debug|iPhone.Deploy.0 = Debug|iPhone
		{CC6E3EC9-945F-4631-98C3-2950E9FBA4AE}.Debug|iPhoneSimulator.ActiveCfg = Debug|iPhoneSimulator
		{CC6E3EC9-945F-4631-98C3-2950E9FBA4AE}.Debug|iPhoneSimulator.Build.0 = Debug|iPhoneSimulator
		{CC6E3EC9-945F-4631-98C3-2950E9FBA4AE}.Debug|iPhoneSimulator.Deploy.0 = Debug|iPhoneSimulator
		{CC6E3EC9-945F-4631-98C3-2950E9FBA4AE}.Release|Any CPU.ActiveCfg = Release|iPhone
		{CC6E3EC9-945F-4631-98C3-2950E9FBA4AE}.Release|Any CPU.Build.0 = Release|iPhone
		{CC6E3EC9-945F-4631-98C3-2950E9FBA4AE}.Release|Any CPU.Deploy.0 = Release|iPhone
		{CC6E3EC9-945F-4631-98C3-2950E9FBA4AE}.Release|iPhone.ActiveCfg = Release|iPhone
		{CC6E3EC9-945F-4631-98C3-2950E9FBA4AE}.Release|iPhone.Build.0 = Release|iPhone
		{CC6E3EC9-945F-4631-98C3-2950E9FBA4AE}.Release|iPhone.Deploy.0 = Release|iPhone
		{CC6E3EC9-945F-4631-98C3-2950E9FBA4AE}.Release|iPhoneSimulator.ActiveCfg = Release|iPhoneSimulator
		{CC6E3EC9-945F-4631-98C3-2950E9FBA4AE}.Release|iPhoneSimulator.Build.0 = Release|iPhoneSimulator
		{CC6E3EC9-945F-4631-98C3-2950E9FBA4AE}.Release|iPhoneSimulator.Deploy.0 = Release|iPhoneSimulator
		{A6D64DCC-FCEE-458A-B79C-23F15F46CF70}.Ad-Hoc|Any CPU.ActiveCfg = Debug|Any CPU
		{A6D64DCC-FCEE-458A-B79C-23F15F46CF70}.Ad-Hoc|Any CPU.Build.0 = Debug|Any CPU
		{A6D64DCC-FCEE-458A-B79C-23F15F46CF70}.Ad-Hoc|Any CPU.Deploy.0 = Debug|Any CPU
		{A6D64DCC-FCEE-458A-B79C-23F15F46CF70}.Ad-Hoc|iPhone.ActiveCfg = Debug|Any CPU
		{A6D64DCC-FCEE-458A-B79C-23F15F46CF70}.Ad-Hoc|iPhone.Build.0 = Debug|Any CPU
		{A6D64DCC-FCEE-458A-B79C-23F15F46CF70}.Ad-Hoc|iPhone.Deploy.0 = Debug|Any CPU
		{A6D64DCC-FCEE-458A-B79C-23F15F46CF70}.Ad-Hoc|iPhoneSimulator.ActiveCfg = Debug|Any CPU
		{A6D64DCC-FCEE-458A-B79C-23F15F46CF70}.Ad-Hoc|iPhoneSimulator.Build.0 = Debug|Any CPU
		{A6D64DCC-FCEE-458A-B79C-23F15F46CF70}.Ad-Hoc|iPhoneSimulator.Deploy.0 = Debug|Any CPU
		{A6D64DCC-FCEE-458A-B79C-23F15F46CF70}.AppStore|Any CPU.ActiveCfg = Debug|Any CPU
		{A6D64DCC-FCEE-458A-B79C-23F15F46CF70}.AppStore|Any CPU.Build.0 = Debug|Any CPU
		{A6D64DCC-FCEE-458A-B79C-23F15F46CF70}.AppStore|Any CPU.Deploy.0 = Debug|Any CPU
		{A6D64DCC-FCEE-458A-B79C-23F15F46CF70}.AppStore|iPhone.ActiveCfg = Debug|Any CPU
		{A6D64DCC-FCEE-458A-B79C-23F15F46CF70}.AppStore|iPhone.Build.0 = Debug|Any CPU
		{A6D64DCC-FCEE-458A-B79C-23F15F46CF70}.AppStore|iPhone.Deploy.0 = Debug|Any CPU
		{A6D64DCC-FCEE-458A-B79C-23F15F46CF70}.AppStore|iPhoneSimulator.ActiveCfg = Debug|Any CPU
		{A6D64DCC-FCEE-458A-B79C-23F15F46CF70}.AppStore|iPhoneSimulator.Build.0 = Debug|Any CPU
		{A6D64DCC-FCEE-458A-B79C-23F15F46CF70}.AppStore|iPhoneSimulator.Deploy.0 = Debug|Any CPU
		{A6D64DCC-FCEE-458A-B79C-23F15F46CF70}.Debug|Any CPU.ActiveCfg = Debug|Any CPU
		{A6D64DCC-FCEE-458A-B79C-23F15F46CF70}.Debug|Any CPU.Build.0 = Debug|Any CPU
		{A6D64DCC-FCEE-458A-B79C-23F15F46CF70}.Debug|Any CPU.Deploy.0 = Debug|Any CPU
		{A6D64DCC-FCEE-458A-B79C-23F15F46CF70}.Debug|iPhone.ActiveCfg = Debug|Any CPU
		{A6D64DCC-FCEE-458A-B79C-23F15F46CF70}.Debug|iPhone.Build.0 = Debug|Any CPU
		{A6D64DCC-FCEE-458A-B79C-23F15F46CF70}.Debug|iPhone.Deploy.0 = Debug|Any CPU
		{A6D64DCC-FCEE-458A-B79C-23F15F46CF70}.Debug|iPhoneSimulator.ActiveCfg = Debug|Any CPU
		{A6D64DCC-FCEE-458A-B79C-23F15F46CF70}.Debug|iPhoneSimulator.Build.0 = Debug|Any CPU
		{A6D64DCC-FCEE-458A-B79C-23F15F46CF70}.Debug|iPhoneSimulator.Deploy.0 = Debug|Any CPU
		{A6D64DCC-FCEE-458A-B79C-23F15F46CF70}.Release|Any CPU.ActiveCfg = Release|Any CPU
		{A6D64DCC-FCEE-458A-B79C-23F15F46CF70}.Release|Any CPU.Build.0 = Release|Any CPU
		{A6D64DCC-FCEE-458A-B79C-23F15F46CF70}.Release|Any CPU.Deploy.0 = Release|Any CPU
		{A6D64DCC-FCEE-458A-B79C-23F15F46CF70}.Release|iPhone.ActiveCfg = Release|Any CPU
		{A6D64DCC-FCEE-458A-B79C-23F15F46CF70}.Release|iPhone.Build.0 = Release|Any CPU
		{A6D64DCC-FCEE-458A-B79C-23F15F46CF70}.Release|iPhone.Deploy.0 = Release|Any CPU
		{A6D64DCC-FCEE-458A-B79C-23F15F46CF70}.Release|iPhoneSimulator.ActiveCfg = Release|Any CPU
		{A6D64DCC-FCEE-458A-B79C-23F15F46CF70}.Release|iPhoneSimulator.Build.0 = Release|Any CPU
		{A6D64DCC-FCEE-458A-B79C-23F15F46CF70}.Release|iPhoneSimulator.Deploy.0 = Release|Any CPU
		{EA560D9D-BF55-4948-9701-28710A682DBC}.Ad-Hoc|Any CPU.ActiveCfg = Debug|Any CPU
		{EA560D9D-BF55-4948-9701-28710A682DBC}.Ad-Hoc|Any CPU.Build.0 = Debug|Any CPU
		{EA560D9D-BF55-4948-9701-28710A682DBC}.Ad-Hoc|iPhone.ActiveCfg = Debug|Any CPU
		{EA560D9D-BF55-4948-9701-28710A682DBC}.Ad-Hoc|iPhone.Build.0 = Debug|Any CPU
		{EA560D9D-BF55-4948-9701-28710A682DBC}.Ad-Hoc|iPhoneSimulator.ActiveCfg = Debug|Any CPU
		{EA560D9D-BF55-4948-9701-28710A682DBC}.Ad-Hoc|iPhoneSimulator.Build.0 = Debug|Any CPU
		{EA560D9D-BF55-4948-9701-28710A682DBC}.AppStore|Any CPU.ActiveCfg = Debug|Any CPU
		{EA560D9D-BF55-4948-9701-28710A682DBC}.AppStore|Any CPU.Build.0 = Debug|Any CPU
		{EA560D9D-BF55-4948-9701-28710A682DBC}.AppStore|iPhone.ActiveCfg = Debug|Any CPU
		{EA560D9D-BF55-4948-9701-28710A682DBC}.AppStore|iPhone.Build.0 = Debug|Any CPU
		{EA560D9D-BF55-4948-9701-28710A682DBC}.AppStore|iPhoneSimulator.ActiveCfg = Debug|Any CPU
		{EA560D9D-BF55-4948-9701-28710A682DBC}.AppStore|iPhoneSimulator.Build.0 = Debug|Any CPU
		{EA560D9D-BF55-4948-9701-28710A682DBC}.Debug|Any CPU.ActiveCfg = Debug|Any CPU
		{EA560D9D-BF55-4948-9701-28710A682DBC}.Debug|Any CPU.Build.0 = Debug|Any CPU
		{EA560D9D-BF55-4948-9701-28710A682DBC}.Debug|iPhone.ActiveCfg = Debug|Any CPU
		{EA560D9D-BF55-4948-9701-28710A682DBC}.Debug|iPhone.Build.0 = Debug|Any CPU
		{EA560D9D-BF55-4948-9701-28710A682DBC}.Debug|iPhoneSimulator.ActiveCfg = Debug|Any CPU
		{EA560D9D-BF55-4948-9701-28710A682DBC}.Debug|iPhoneSimulator.Build.0 = Debug|Any CPU
		{EA560D9D-BF55-4948-9701-28710A682DBC}.Release|Any CPU.ActiveCfg = Release|Any CPU
		{EA560D9D-BF55-4948-9701-28710A682DBC}.Release|Any CPU.Build.0 = Release|Any CPU
		{EA560D9D-BF55-4948-9701-28710A682DBC}.Release|iPhone.ActiveCfg = Release|Any CPU
		{EA560D9D-BF55-4948-9701-28710A682DBC}.Release|iPhone.Build.0 = Release|Any CPU
		{EA560D9D-BF55-4948-9701-28710A682DBC}.Release|iPhoneSimulator.ActiveCfg = Release|Any CPU
		{EA560D9D-BF55-4948-9701-28710A682DBC}.Release|iPhoneSimulator.Build.0 = Release|Any CPU
	EndGlobalSection
	GlobalSection(SolutionProperties) = preSolution
		HideSolutionNode = FALSE
	EndGlobalSection
	GlobalSection(ExtensibilityGlobals) = postSolution
		SolutionGuid = {71542C58-F1DC-4148-A4A2-2164AA6059C7}
	EndGlobalSection
EndGlobal
